
Microsoft Visual Studio Solution File, Format Version 12.00
# Visual Studio Version 17
VisualStudioVersion = 17.5.33516.290
MinimumVisualStudioVersion = 10.0.40219.1
Project("{FAE04EC0-301F-11D3-BF4B-00C04F79EFBC}") = "DbProviderFactoryApp", "DbProviderFactoryApp\DbProviderFactoryApp.csproj", "{2D998574-DC95-494F-A6D3-F47CD8C8EB17}"
EndProject
Global
	GlobalSection(SolutionConfigurationPlatforms) = preSolution
		Debug|Any CPU = Debug|Any CPU
		Release|Any CPU = Release|Any CPU
	EndGlobalSection
	GlobalSection(ProjectConfigurationPlatforms) = postSolution
		{2D998574-DC95-494F-A6D3-F47CD8C8EB17}.Debug|Any CPU.ActiveCfg = Debug|Any CPU
		{2D998574-DC95-494F-A6D3-F47CD8C8EB17}.Debug|Any CPU.Build.0 = Debug|Any CPU
		{2D998574-DC95-494F-A6D3-F47CD8C8EB17}.Release|Any CPU.ActiveCfg = Release|Any CPU
		{2D998574-DC95-494F-A6D3-F47CD8C8EB17}.Release|Any CPU.Build.0 = Release|Any CPU
	EndGlobalSection
	GlobalSection(SolutionProperties) = preSolution
		HideSolutionNode = FALSE
	EndGlobalSection
	GlobalSection(ExtensibilityGlobals) = postSolution
		SolutionGuid = {99E0748F-126F-496B-8EAF-6779F8958A10}
	EndGlobalSection
EndGlobal
